
Microsoft Visual Studio Solution File, Format Version 12.00
# Visual Studio 14
VisualStudioVersion = 14.0.25420.1
MinimumVisualStudioVersion = 10.0.40219.1
Project("{FAE04EC0-301F-11D3-BF4B-00C04F79EFBC}") = "SendEmailTest", "SendEmailTest\SendEmailTest.csproj", "{839AAB4C-C63B-4189-86C1-D675839DC313}"
EndProject
Project("{FAE04EC0-301F-11D3-BF4B-00C04F79EFBC}") = "SqliteTest", "SqliteTest\SqliteTest.csproj", "{13CB40A0-EC98-465B-A3DA-007D96F9AC97}"
EndProject
Global
	GlobalSection(SolutionConfigurationPlatforms) = preSolution
		Debug|Any CPU = Debug|Any CPU
		Release|Any CPU = Release|Any CPU
	EndGlobalSection
	GlobalSection(ProjectConfigurationPlatforms) = postSolution
		{839AAB4C-C63B-4189-86C1-D675839DC313}.Debug|Any CPU.ActiveCfg = Debug|Any CPU
		{839AAB4C-C63B-4189-86C1-D675839DC313}.Debug|Any CPU.Build.0 = Debug|Any CPU
		{839AAB4C-C63B-4189-86C1-D675839DC313}.Release|Any CPU.ActiveCfg = Release|Any CPU
		{839AAB4C-C63B-4189-86C1-D675839DC313}.Release|Any CPU.Build.0 = Release|Any CPU
		{13CB40A0-EC98-465B-A3DA-007D96F9AC97}.Debug|Any CPU.ActiveCfg = Debug|Any CPU
		{13CB40A0-EC98-465B-A3DA-007D96F9AC97}.Debug|Any CPU.Build.0 = Debug|Any CPU
		{13CB40A0-EC98-465B-A3DA-007D96F9AC97}.Release|Any CPU.ActiveCfg = Release|Any CPU
		{13CB40A0-EC98-465B-A3DA-007D96F9AC97}.Release|Any CPU.Build.0 = Release|Any CPU
	EndGlobalSection
	GlobalSection(SolutionProperties) = preSolution
		HideSolutionNode = FALSE
	EndGlobalSection
EndGlobal
